
Microsoft Visual Studio Solution File, Format Version 12.00
# Visual Studio 14
VisualStudioVersion = 14.0.25420.1
MinimumVisualStudioVersion = 10.0.40219.1
Project("{FAE04EC0-301F-11D3-BF4B-00C04F79EFBC}") = "WarframeTools", "WarframeTools\WarframeTools.csproj", "{ACF4A6A3-9E9C-4EE6-ADE1-C4175B64A75D}"
EndProject
Global
	GlobalSection(SolutionConfigurationPlatforms) = preSolution
		Debug|Any CPU = Debug|Any CPU
		Release|Any CPU = Release|Any CPU
	EndGlobalSection
	GlobalSection(ProjectConfigurationPlatforms) = postSolution
		{ACF4A6A3-9E9C-4EE6-ADE1-C4175B64A75D}.Debug|Any CPU.ActiveCfg = Debug|Any CPU
		{ACF4A6A3-9E9C-4EE6-ADE1-C4175B64A75D}.Debug|Any CPU.Build.0 = Debug|Any CPU
		{ACF4A6A3-9E9C-4EE6-ADE1-C4175B64A75D}.Release|Any CPU.ActiveCfg = Release|Any CPU
		{ACF4A6A3-9E9C-4EE6-ADE1-C4175B64A75D}.Release|Any CPU.Build.0 = Release|Any CPU
	EndGlobalSection
	GlobalSection(SolutionProperties) = preSolution
		HideSolutionNode = FALSE
	EndGlobalSection
EndGlobal
